
Microsoft Visual Studio Solution File, Format Version 12.00
# Visual Studio Version 17
VisualStudioVersion = 17.5.2.0
MinimumVisualStudioVersion = 10.0.40219.1
Project("{FAE04EC0-301F-11D3-BF4B-00C04F79EFBC}") = "API", "src\API\API.csproj", "{A1537D93-AC0D-48B3-A891-4CC8E2DCEA80}"
EndProject
Project("{FAE04EC0-301F-11D3-BF4B-00C04F79EFBC}") = "Application", "src\Application\Application.csproj", "{44A056B8-8001-4EAC-91CD-F5CD5D64D0FB}"
EndProject
Project("{FAE04EC0-301F-11D3-BF4B-00C04F79EFBC}") = "TMDB.Client", "src\TMDB.Client\TMDB.Client.csproj", "{0E405490-CB0D-4325-A54E-3832D0ECB7EB}"
EndProject
Project("{FAE04EC0-301F-11D3-BF4B-00C04F79EFBC}") = "Utils", "src\Utils\Utils.csproj", "{F4618E49-BA22-4F4D-947C-D683E8E4037F}"
EndProject
Project("{FAE04EC0-301F-11D3-BF4B-00C04F79EFBC}") = "SessionsDB", "src\SessionsDB\SessionsDB.csproj", "{E8D4ED47-45F1-44C5-AC67-84C090736045}"
EndProject
Global
	GlobalSection(SolutionConfigurationPlatforms) = preSolution
		Debug|Any CPU = Debug|Any CPU
		Debug|x64 = Debug|x64
		Debug|x86 = Debug|x86
		Release|Any CPU = Release|Any CPU
		Release|x64 = Release|x64
		Release|x86 = Release|x86
	EndGlobalSection
	GlobalSection(ProjectConfigurationPlatforms) = postSolution
		{A1537D93-AC0D-48B3-A891-4CC8E2DCEA80}.Debug|Any CPU.ActiveCfg = Debug|Any CPU
		{A1537D93-AC0D-48B3-A891-4CC8E2DCEA80}.Debug|Any CPU.Build.0 = Debug|Any CPU
		{A1537D93-AC0D-48B3-A891-4CC8E2DCEA80}.Debug|x64.ActiveCfg = Debug|Any CPU
		{A1537D93-AC0D-48B3-A891-4CC8E2DCEA80}.Debug|x64.Build.0 = Debug|Any CPU
		{A1537D93-AC0D-48B3-A891-4CC8E2DCEA80}.Debug|x86.ActiveCfg = Debug|Any CPU
		{A1537D93-AC0D-48B3-A891-4CC8E2DCEA80}.Debug|x86.Build.0 = Debug|Any CPU
		{A1537D93-AC0D-48B3-A891-4CC8E2DCEA80}.Release|Any CPU.ActiveCfg = Release|Any CPU
		{A1537D93-AC0D-48B3-A891-4CC8E2DCEA80}.Release|Any CPU.Build.0 = Release|Any CPU
		{A1537D93-AC0D-48B3-A891-4CC8E2DCEA80}.Release|x64.ActiveCfg = Release|Any CPU
		{A1537D93-AC0D-48B3-A891-4CC8E2DCEA80}.Release|x64.Build.0 = Release|Any CPU
		{A1537D93-AC0D-48B3-A891-4CC8E2DCEA80}.Release|x86.ActiveCfg = Release|Any CPU
		{A1537D93-AC0D-48B3-A891-4CC8E2DCEA80}.Release|x86.Build.0 = Release|Any CPU
		{44A056B8-8001-4EAC-91CD-F5CD5D64D0FB}.Debug|Any CPU.ActiveCfg = Debug|Any CPU
		{44A056B8-8001-4EAC-91CD-F5CD5D64D0FB}.Debug|Any CPU.Build.0 = Debug|Any CPU
		{44A056B8-8001-4EAC-91CD-F5CD5D64D0FB}.Debug|x64.ActiveCfg = Debug|Any CPU
		{44A056B8-8001-4EAC-91CD-F5CD5D64D0FB}.Debug|x64.Build.0 = Debug|Any CPU
		{44A056B8-8001-4EAC-91CD-F5CD5D64D0FB}.Debug|x86.ActiveCfg = Debug|Any CPU
		{44A056B8-8001-4EAC-91CD-F5CD5D64D0FB}.Debug|x86.Build.0 = Debug|Any CPU
		{44A056B8-8001-4EAC-91CD-F5CD5D64D0FB}.Release|Any CPU.ActiveCfg = Release|Any CPU
		{44A056B8-8001-4EAC-91CD-F5CD5D64D0FB}.Release|Any CPU.Build.0 = Release|Any CPU
		{44A056B8-8001-4EAC-91CD-F5CD5D64D0FB}.Release|x64.ActiveCfg = Release|Any CPU
		{44A056B8-8001-4EAC-91CD-F5CD5D64D0FB}.Release|x64.Build.0 = Release|Any CPU
		{44A056B8-8001-4EAC-91CD-F5CD5D64D0FB}.Release|x86.ActiveCfg = Release|Any CPU
		{44A056B8-8001-4EAC-91CD-F5CD5D64D0FB}.Release|x86.Build.0 = Release|Any CPU
		{0E405490-CB0D-4325-A54E-3832D0ECB7EB}.Debug|Any CPU.ActiveCfg = Debug|Any CPU
		{0E405490-CB0D-4325-A54E-3832D0ECB7EB}.Debug|Any CPU.Build.0 = Debug|Any CPU
		{0E405490-CB0D-4325-A54E-3832D0ECB7EB}.Debug|x64.ActiveCfg = Debug|Any CPU
		{0E405490-CB0D-4325-A54E-3832D0ECB7EB}.Debug|x64.Build.0 = Debug|Any CPU
		{0E405490-CB0D-4325-A54E-3832D0ECB7EB}.Debug|x86.ActiveCfg = Debug|Any CPU
		{0E405490-CB0D-4325-A54E-3832D0ECB7EB}.Debug|x86.Build.0 = Debug|Any CPU
		{0E405490-CB0D-4325-A54E-3832D0ECB7EB}.Release|Any CPU.ActiveCfg = Release|Any CPU
		{0E405490-CB0D-4325-A54E-3832D0ECB7EB}.Release|Any CPU.Build.0 = Release|Any CPU
		{0E405490-CB0D-4325-A54E-3832D0ECB7EB}.Release|x64.ActiveCfg = Release|Any CPU
		{0E405490-CB0D-4325-A54E-3832D0ECB7EB}.Release|x64.Build.0 = Release|Any CPU
		{0E405490-CB0D-4325-A54E-3832D0ECB7EB}.Release|x86.ActiveCfg = Release|Any CPU
		{0E405490-CB0D-4325-A54E-3832D0ECB7EB}.Release|x86.Build.0 = Release|Any CPU
		{F4618E49-BA22-4F4D-947C-D683E8E4037F}.Debug|Any CPU.ActiveCfg = Debug|Any CPU
		{F4618E49-BA22-4F4D-947C-D683E8E4037F}.Debug|Any CPU.Build.0 = Debug|Any CPU
		{F4618E49-BA22-4F4D-947C-D683E8E4037F}.Debug|x64.ActiveCfg = Debug|Any CPU
		{F4618E49-BA22-4F4D-947C-D683E8E4037F}.Debug|x64.Build.0 = Debug|Any CPU
		{F4618E49-BA22-4F4D-947C-D683E8E4037F}.Debug|x86.ActiveCfg = Debug|Any CPU
		{F4618E49-BA22-4F4D-947C-D683E8E4037F}.Debug|x86.Build.0 = Debug|Any CPU
		{F4618E49-BA22-4F4D-947C-D683E8E4037F}.Release|Any CPU.ActiveCfg = Release|Any CPU
		{F4618E49-BA22-4F4D-947C-D683E8E4037F}.Release|Any CPU.Build.0 = Release|Any CPU
		{F4618E49-BA22-4F4D-947C-D683E8E4037F}.Release|x64.ActiveCfg = Release|Any CPU
		{F4618E49-BA22-4F4D-947C-D683E8E4037F}.Release|x64.Build.0 = Release|Any CPU
		{F4618E49-BA22-4F4D-947C-D683E8E4037F}.Release|x86.ActiveCfg = Release|Any CPU
		{F4618E49-BA22-4F4D-947C-D683E8E4037F}.Release|x86.Build.0 = Release|Any CPU
		{E8D4ED47-45F1-44C5-AC67-84C090736045}.Debug|Any CPU.ActiveCfg = Debug|Any CPU
		{E8D4ED47-45F1-44C5-AC67-84C090736045}.Debug|Any CPU.Build.0 = Debug|Any CPU
		{E8D4ED47-45F1-44C5-AC67-84C090736045}.Debug|x64.ActiveCfg = Debug|Any CPU
		{E8D4ED47-45F1-44C5-AC67-84C090736045}.Debug|x64.Build.0 = Debug|Any CPU
		{E8D4ED47-45F1-44C5-AC67-84C090736045}.Debug|x86.ActiveCfg = Debug|Any CPU
		{E8D4ED47-45F1-44C5-AC67-84C090736045}.Debug|x86.Build.0 = Debug|Any CPU
		{E8D4ED47-45F1-44C5-AC67-84C090736045}.Release|Any CPU.ActiveCfg = Release|Any CPU
		{E8D4ED47-45F1-44C5-AC67-84C090736045}.Release|Any CPU.Build.0 = Release|Any CPU
		{E8D4ED47-45F1-44C5-AC67-84C090736045}.Release|x64.ActiveCfg = Release|Any CPU
		{E8D4ED47-45F1-44C5-AC67-84C090736045}.Release|x64.Build.0 = Release|Any CPU
		{E8D4ED47-45F1-44C5-AC67-84C090736045}.Release|x86.ActiveCfg = Release|Any CPU
		{E8D4ED47-45F1-44C5-AC67-84C090736045}.Release|x86.Build.0 = Release|Any CPU
	EndGlobalSection
	GlobalSection(SolutionProperties) = preSolution
		HideSolutionNode = FALSE
	EndGlobalSection
	GlobalSection(ExtensibilityGlobals) = postSolution
		SolutionGuid = {CA87BBB3-6B4B-45A9-A11E-99D16F385610}
	EndGlobalSection
EndGlobal
